
Microsoft Visual Studio Solution File, Format Version 12.00
# Visual Studio Version 17
VisualStudioVersion = 17.6.33723.286
MinimumVisualStudioVersion = 10.0.40219.1
Project("{FAE04EC0-301F-11D3-BF4B-00C04F79EFBC}") = "MunicipalServicesApp", "MunicipalServicesApp.csproj", "{D44B0320-B513-4706-B58B-0E5F0C9B2282}"
EndProject
Global
	GlobalSection(SolutionConfigurationPlatforms) = preSolution
		Debug|Any CPU = Debug|Any CPU
		Release|Any CPU = Release|Any CPU
	EndGlobalSection
	GlobalSection(ProjectConfigurationPlatforms) = postSolution
		{D44B0320-B513-4706-B58B-0E5F0C9B2282}.Debug|Any CPU.ActiveCfg = Debug|Any CPU
		{D44B0320-B513-4706-B58B-0E5F0C9B2282}.Debug|Any CPU.Build.0 = Debug|Any CPU
		{D44B0320-B513-4706-B58B-0E5F0C9B2282}.Release|Any CPU.ActiveCfg = Release|Any CPU
		{D44B0320-B513-4706-B58B-0E5F0C9B2282}.Release|Any CPU.Build.0 = Release|Any CPU
	EndGlobalSection
	GlobalSection(SolutionProperties) = preSolution
		HideSolutionNode = FALSE
	EndGlobalSection
	GlobalSection(ExtensibilityGlobals) = postSolution
		SolutionGuid = {07EAF5DB-5DE7-4278-9DC3-6208112EA39B}
	EndGlobalSection
EndGlobal
